PODS:
  - Alamofire (5.6.1)
  - Kingfisher (7.2.4)
  - SwiftHash (2.0.2)

DEPENDENCIES:
  - Alamofire
  - Kingfisher (~> 7.0)
  - SwiftHash

SPEC REPOS:
  trunk:
    - Alamofire
    - Kingfisher
    - SwiftHash

SPEC CHECKSUMS:
  Alamofire: 87bd8c952f9a4454320fce00d9cc3de57bcadaf5
  Kingfisher: 2457be2121734e69e54a2312ecc0150eb9ae70b3
  SwiftHash: 6d312abe61c8359bdef8d0093642f3a70b1c17ba

PODFILE CHECKSUM: ed0ee65bea3218f19bae25192736ea3daf377fcd

COCOAPODS: 1.11.3
